
Microsoft Visual Studio Solution File, Format Version 12.00
# Visual Studio Version 16
VisualStudioVersion = 16.0.29926.136
MinimumVisualStudioVersion = 10.0.40219.1
Project("{FAE04EC0-301F-11D3-BF4B-00C04F79EFBC}") = "Updater", "Updater.csproj", "{08D47EB9-4E34-49A6-8329-CC910A6A1EEE}"
EndProject
Global
	GlobalSection(SolutionConfigurationPlatforms) = preSolution
		Debug|Any CPU = Debug|Any CPU
		Release|Any CPU = Release|Any CPU
	EndGlobalSection
	GlobalSection(ProjectConfigurationPlatforms) = postSolution
		{08D47EB9-4E34-49A6-8329-CC910A6A1EEE}.Debug|Any CPU.ActiveCfg = Debug|Any CPU
		{08D47EB9-4E34-49A6-8329-CC910A6A1EEE}.Debug|Any CPU.Build.0 = Debug|Any CPU
		{08D47EB9-4E34-49A6-8329-CC910A6A1EEE}.Release|Any CPU.ActiveCfg = Release|Any CPU
		{08D47EB9-4E34-49A6-8329-CC910A6A1EEE}.Release|Any CPU.Build.0 = Release|Any CPU
	EndGlobalSection
	GlobalSection(SolutionProperties) = preSolution
		HideSolutionNode = FALSE
	EndGlobalSection
	GlobalSection(ExtensibilityGlobals) = postSolution
		SolutionGuid = {32A15727-0585-433D-A8EA-73C7BACCA97E}
	EndGlobalSection
EndGlobal
